
Microsoft Visual Studio Solution File, Format Version 12.00
# Visual Studio Version 17
VisualStudioVersion = 17.14.37628.2 d17.14
MinimumVisualStudioVersion = 10.0.40219.1
Project("{8BC9CEB8-8B4A-11D0-8D11-00A0C91BC942}") = "Joke_virus_1", "Joke_virus_1\Joke_virus_1.vcxproj", "{D8FA5022-253A-461F-AE2B-22D36C98F667}"
EndProject
Global
	GlobalSection(SolutionConfigurationPlatforms) = preSolution
		Debug|x64 = Debug|x64
		Release|x64 = Release|x64
	EndGlobalSection
	GlobalSection(ProjectConfigurationPlatforms) = postSolution
		{D8FA5022-253A-461F-AE2B-22D36C98F667}.Debug|x64.ActiveCfg = Debug|x64
		{D8FA5022-253A-461F-AE2B-22D36C98F667}.Debug|x64.Build.0 = Debug|x64
		{D8FA5022-253A-461F-AE2B-22D36C98F667}.Release|x64.ActiveCfg = Release|x64
		{D8FA5022-253A-461F-AE2B-22D36C98F667}.Release|x64.Build.0 = Release|x64
	EndGlobalSection
	GlobalSection(SolutionProperties) = preSolution
		HideSolutionNode = FALSE
	EndGlobalSection
	GlobalSection(ExtensibilityGlobals) = postSolution
		SolutionGuid = {29EE94CF-1D90-4C92-B302-6164B8586D9F}
	EndGlobalSection
EndGlobal
